
Microsoft Visual Studio Solution File, Format Version 12.00
# Visual Studio Version 16
VisualStudioVersion = 16.0.30320.27
MinimumVisualStudioVersion = 10.0.40219.1
Project("{FAE04EC0-301F-11D3-BF4B-00C04F79EFBC}") = "Hangman", "Hangman.csproj", "{4D2732C2-12FC-4D7E-BC48-08D9EEEB67F2}"
EndProject
Global
	GlobalSection(SolutionConfigurationPlatforms) = preSolution
		Debug|Any CPU = Debug|Any CPU
		Release|Any CPU = Release|Any CPU
	EndGlobalSection
	GlobalSection(ProjectConfigurationPlatforms) = postSolution
		{4D2732C2-12FC-4D7E-BC48-08D9EEEB67F2}.Debug|Any CPU.ActiveCfg = Debug|Any CPU
		{4D2732C2-12FC-4D7E-BC48-08D9EEEB67F2}.Debug|Any CPU.Build.0 = Debug|Any CPU
		{4D2732C2-12FC-4D7E-BC48-08D9EEEB67F2}.Release|Any CPU.ActiveCfg = Release|Any CPU
		{4D2732C2-12FC-4D7E-BC48-08D9EEEB67F2}.Release|Any CPU.Build.0 = Release|Any CPU
	EndGlobalSection
	GlobalSection(SolutionProperties) = preSolution
		HideSolutionNode = FALSE
	EndGlobalSection
	GlobalSection(ExtensibilityGlobals) = postSolution
		SolutionGuid = {00191A02-DB24-4A98-9D61-D5F7BF057879}
	EndGlobalSection
EndGlobal
